
Microsoft Visual Studio Solution File, Format Version 12.00
# Visual Studio Version 16
VisualStudioVersion = 16.0.31624.102
MinimumVisualStudioVersion = 10.0.40219.1
Project("{2150E333-8FDC-42A3-9474-1A3956D46DE8}") = "Core", "Core", "{AA73F5DF-F0E1-4A31-AC7D-2859C833607D}"
EndProject
Project("{2150E333-8FDC-42A3-9474-1A3956D46DE8}") = "Infrastructure", "Infrastructure", "{6CE7FFC5-42DA-4540-8A57-00B373614E9E}"
EndProject
Project("{2150E333-8FDC-42A3-9474-1A3956D46DE8}") = "Presentation", "Presentation", "{D5533470-D5C3-41E1-B1C3-25BDEAB3B25F}"
EndProject
Project("{FAE04EC0-301F-11D3-BF4B-00C04F79EFBC}") = "ETicaretApp.Domain", "Core\ETicaretApp.Domain\ETicaretApp.Domain.csproj", "{A86E3DF9-3D10-4412-915B-16045FA583F1}"
EndProject
Project("{FAE04EC0-301F-11D3-BF4B-00C04F79EFBC}") = "ETicaretApp.Application", "Core\ETicaretApp.Application\ETicaretApp.Application.csproj", "{562E193C-0BC6-4585-8974-8E61926E08C2}"
EndProject
Project("{FAE04EC0-301F-11D3-BF4B-00C04F79EFBC}") = "ETicaretApp.Persistence", "Infrastructure\ETicaretApp.Persistence\ETicaretApp.Persistence.csproj", "{6B0CA6FD-0157-418F-85A0-0723A16B6FF2}"
EndProject
Project("{FAE04EC0-301F-11D3-BF4B-00C04F79EFBC}") = "ETicaretApp.Infrastructure", "Infrastructure\ETicaretApp.Infrastructure\ETicaretApp.Infrastructure.csproj", "{F283C3B8-CD77-48C4-8C1F-C65C868C2716}"
EndProject
Project("{FAE04EC0-301F-11D3-BF4B-00C04F79EFBC}") = "ETicaretApp.API", "Presentation\ETicaretApp.API\ETicaretApp.API.csproj", "{2801B014-B6E1-48B8-A48D-0A060A62979D}"
EndProject
Global
	GlobalSection(SolutionConfigurationPlatforms) = preSolution
		Debug|Any CPU = Debug|Any CPU
		Release|Any CPU = Release|Any CPU
	EndGlobalSection
	GlobalSection(ProjectConfigurationPlatforms) = postSolution
		{A86E3DF9-3D10-4412-915B-16045FA583F1}.Debug|Any CPU.ActiveCfg = Debug|Any CPU
		{A86E3DF9-3D10-4412-915B-16045FA583F1}.Debug|Any CPU.Build.0 = Debug|Any CPU
		{A86E3DF9-3D10-4412-915B-16045FA583F1}.Release|Any CPU.ActiveCfg = Release|Any CPU
		{A86E3DF9-3D10-4412-915B-16045FA583F1}.Release|Any CPU.Build.0 = Release|Any CPU
		{562E193C-0BC6-4585-8974-8E61926E08C2}.Debug|Any CPU.ActiveCfg = Debug|Any CPU
		{562E193C-0BC6-4585-8974-8E61926E08C2}.Debug|Any CPU.Build.0 = Debug|Any CPU
		{562E193C-0BC6-4585-8974-8E61926E08C2}.Release|Any CPU.ActiveCfg = Release|Any CPU
		{562E193C-0BC6-4585-8974-8E61926E08C2}.Release|Any CPU.Build.0 = Release|Any CPU
		{6B0CA6FD-0157-418F-85A0-0723A16B6FF2}.Debug|Any CPU.ActiveCfg = Debug|Any CPU
		{6B0CA6FD-0157-418F-85A0-0723A16B6FF2}.Debug|Any CPU.Build.0 = Debug|Any CPU
		{6B0CA6FD-0157-418F-85A0-0723A16B6FF2}.Release|Any CPU.ActiveCfg = Release|Any CPU
		{6B0CA6FD-0157-418F-85A0-0723A16B6FF2}.Release|Any CPU.Build.0 = Release|Any CPU
		{F283C3B8-CD77-48C4-8C1F-C65C868C2716}.Debug|Any CPU.ActiveCfg = Debug|Any CPU
		{F283C3B8-CD77-48C4-8C1F-C65C868C2716}.Debug|Any CPU.Build.0 = Debug|Any CPU
		{F283C3B8-CD77-48C4-8C1F-C65C868C2716}.Release|Any CPU.ActiveCfg = Release|Any CPU
		{F283C3B8-CD77-48C4-8C1F-C65C868C2716}.Release|Any CPU.Build.0 = Release|Any CPU
		{2801B014-B6E1-48B8-A48D-0A060A62979D}.Debug|Any CPU.ActiveCfg = Debug|Any CPU
		{2801B014-B6E1-48B8-A48D-0A060A62979D}.Debug|Any CPU.Build.0 = Debug|Any CPU
		{2801B014-B6E1-48B8-A48D-0A060A62979D}.Release|Any CPU.ActiveCfg = Release|Any CPU
		{2801B014-B6E1-48B8-A48D-0A060A62979D}.Release|Any CPU.Build.0 = Release|Any CPU
	EndGlobalSection
	GlobalSection(SolutionProperties) = preSolution
		HideSolutionNode = FALSE
	EndGlobalSection
	GlobalSection(NestedProjects) = preSolution
		{A86E3DF9-3D10-4412-915B-16045FA583F1} = {AA73F5DF-F0E1-4A31-AC7D-2859C833607D}
		{562E193C-0BC6-4585-8974-8E61926E08C2} = {AA73F5DF-F0E1-4A31-AC7D-2859C833607D}
		{6B0CA6FD-0157-418F-85A0-0723A16B6FF2} = {6CE7FFC5-42DA-4540-8A57-00B373614E9E}
		{F283C3B8-CD77-48C4-8C1F-C65C868C2716} = {6CE7FFC5-42DA-4540-8A57-00B373614E9E}
		{2801B014-B6E1-48B8-A48D-0A060A62979D} = {D5533470-D5C3-41E1-B1C3-25BDEAB3B25F}
	EndGlobalSection
	GlobalSection(ExtensibilityGlobals) = postSolution
		SolutionGuid = {36CC6347-B72E-4792-A45C-A35CA1A71E6C}
	EndGlobalSection
EndGlobal
